
Microsoft Visual Studio Solution File, Format Version 12.00
# Visual Studio 15
VisualStudioVersion = 15.0.27428.2043
MinimumVisualStudioVersion = 10.0.40219.1
Project("{FAE04EC0-301F-11D3-BF4B-00C04F79EFBC}") = "GBIplantWeb", "GBIplantWeb\GBIplantWeb.csproj", "{C8675B71-4B0C-4C0F-AF4F-1E707E3EF360}"
EndProject
Project("{FAE04EC0-301F-11D3-BF4B-00C04F79EFBC}") = "GBIplantModel", "GBIplantModel\GBIplantModel.csproj", "{5EF195EB-6628-4F69-8B00-9648177550F3}"
EndProject
Project("{FAE04EC0-301F-11D3-BF4B-00C04F79EFBC}") = "GBIplantService", "GBIplantService\GBIplantService.csproj", "{5FA4D1EC-B4CA-44DE-AF92-403E73C184E9}"
EndProject
Global
	GlobalSection(SolutionConfigurationPlatforms) = preSolution
		Debug|Any CPU = Debug|Any CPU
		Release|Any CPU = Release|Any CPU
	EndGlobalSection
	GlobalSection(ProjectConfigurationPlatforms) = postSolution
		{C8675B71-4B0C-4C0F-AF4F-1E707E3EF360}.Debug|Any CPU.ActiveCfg = Debug|Any CPU
		{C8675B71-4B0C-4C0F-AF4F-1E707E3EF360}.Debug|Any CPU.Build.0 = Debug|Any CPU
		{C8675B71-4B0C-4C0F-AF4F-1E707E3EF360}.Release|Any CPU.ActiveCfg = Release|Any CPU
		{C8675B71-4B0C-4C0F-AF4F-1E707E3EF360}.Release|Any CPU.Build.0 = Release|Any CPU
		{5EF195EB-6628-4F69-8B00-9648177550F3}.Debug|Any CPU.ActiveCfg = Debug|Any CPU
		{5EF195EB-6628-4F69-8B00-9648177550F3}.Debug|Any CPU.Build.0 = Debug|Any CPU
		{5EF195EB-6628-4F69-8B00-9648177550F3}.Release|Any CPU.ActiveCfg = Release|Any CPU
		{5EF195EB-6628-4F69-8B00-9648177550F3}.Release|Any CPU.Build.0 = Release|Any CPU
		{5FA4D1EC-B4CA-44DE-AF92-403E73C184E9}.Debug|Any CPU.ActiveCfg = Debug|Any CPU
		{5FA4D1EC-B4CA-44DE-AF92-403E73C184E9}.Debug|Any CPU.Build.0 = Debug|Any CPU
		{5FA4D1EC-B4CA-44DE-AF92-403E73C184E9}.Release|Any CPU.ActiveCfg = Release|Any CPU
		{5FA4D1EC-B4CA-44DE-AF92-403E73C184E9}.Release|Any CPU.Build.0 = Release|Any CPU
	EndGlobalSection
	GlobalSection(SolutionProperties) = preSolution
		HideSolutionNode = FALSE
	EndGlobalSection
	GlobalSection(ExtensibilityGlobals) = postSolution
		SolutionGuid = {1B44F8E5-EB2E-4055-810E-9F600F8DC3A3}
	EndGlobalSection
EndGlobal
